Microsoft Visual Studio Solution File, Format Version 12.00
# Visual Studio Version 17
VisualStudioVersion = 17.5.2.0
MinimumVisualStudioVersion = 10.0.40219.1
Project("{FAE04EC0-301F-11D3-BF4B-00C04F79EFBC}") = "loja-virtual", "loja-virtual.csproj", "{ABEA3D48-155F-BD5D-4AE2-D9F0437DA53A}"
EndProject
Global
	GlobalSection(SolutionConfigurationPlatforms) = preSolution
		Debug|Any CPU = Debug|Any CPU
		Release|Any CPU = Release|Any CPU
	EndGlobalSection
	GlobalSection(ProjectConfigurationPlatforms) = postSolution
		{ABEA3D48-155F-BD5D-4AE2-D9F0437DA53A}.Debug|Any CPU.ActiveCfg = Debug|Any CPU
		{ABEA3D48-155F-BD5D-4AE2-D9F0437DA53A}.Debug|Any CPU.Build.0 = Debug|Any CPU
		{ABEA3D48-155F-BD5D-4AE2-D9F0437DA53A}.Release|Any CPU.ActiveCfg = Release|Any CPU
		{ABEA3D48-155F-BD5D-4AE2-D9F0437DA53A}.Release|Any CPU.Build.0 = Release|Any CPU
	EndGlobalSection
	GlobalSection(SolutionProperties) = preSolution
		HideSolutionNode = FALSE
	EndGlobalSection
	GlobalSection(ExtensibilityGlobals) = postSolution
		SolutionGuid = {494DD4A8-CB68-4E8B-9275-74BC4C1FBD67}
	EndGlobalSection
EndGlobal
